
Microsoft Visual Studio Solution File, Format Version 12.00
# Visual Studio 2012
Project("{FAE04EC0-301F-11D3-BF4B-00C04F79EFBC}") = "Biblionary", "Biblionary\Biblionary.csproj", "{08F88EE4-190F-4943-9EA6-7E97FE93CC0D}"
EndProject
Project("{2150E333-8FDC-42A3-9474-1A3956D46DE8}") = "PL", "PL", "{F1FA109B-B1DF-44BB-9CDD-81FEF44D20C4}"
EndProject
Project("{2150E333-8FDC-42A3-9474-1A3956D46DE8}") = "Common", "Common", "{D60E8C19-8562-40A6-84A1-D9C454C24183}"
EndProject
Project("{2150E333-8FDC-42A3-9474-1A3956D46DE8}") = "DAL", "DAL", "{C988AADA-B864-47B3-9838-4C1B21FE146A}"
EndProject
Project("{2150E333-8FDC-42A3-9474-1A3956D46DE8}") = "BLL", "BLL", "{94E95949-D6B1-4701-B36D-2A1DA00858B6}"
EndProject
Project("{FAE04EC0-301F-11D3-BF4B-00C04F79EFBC}") = "Biblionary.DAL", "Biblionary.DAL\Biblionary.DAL.csproj", "{5EB8610E-CE66-4034-8C68-AB0B1D9A1311}"
EndProject
Project("{FAE04EC0-301F-11D3-BF4B-00C04F79EFBC}") = "Biblionary.DAL.Interface", "Biblionary.DAL.Interface\Biblionary.DAL.Interface.csproj", "{98D2EE86-425D-463F-8208-B71F88C53891}"
EndProject
Project("{FAE04EC0-301F-11D3-BF4B-00C04F79EFBC}") = "Biblionary.BLL", "Biblionary.BLL\Biblionary.BLL.csproj", "{CE378A0A-B963-4C61-915D-C50A108472BB}"
EndProject
Project("{FAE04EC0-301F-11D3-BF4B-00C04F79EFBC}") = "Biblionary.BLL.Interface", "Biblionary.BLL.Interface\Biblionary.BLL.Interface.csproj", "{8B590D3D-DE6B-477A-8193-7ABF9200C72A}"
EndProject
Project("{FAE04EC0-301F-11D3-BF4B-00C04F79EFBC}") = "Biblionary.Entities", "Biblionary.Entities\Biblionary.Entities.csproj", "{7780241C-6DDF-4C51-AB92-4B67FEA770D3}"
EndProject
Project("{FAE04EC0-301F-11D3-BF4B-00C04F79EFBC}") = "Biblionary.Container", "Biblionary.Container\Biblionary.Container.csproj", "{34F2611B-8185-457F-AA2F-740EC40DF481}"
EndProject
Project("{FAE04EC0-301F-11D3-BF4B-00C04F79EFBC}") = "Biblionary.Ninject", "Biblionary.Ninject\Biblionary.Ninject.csproj", "{944B0B83-D7EB-4F48-B325-E14EFFE190A8}"
EndProject
Project("{2150E333-8FDC-42A3-9474-1A3956D46DE8}") = "Tests", "Tests", "{15A9CC60-477C-463D-A22B-10C3B191AFC1}"
EndProject
Project("{FAE04EC0-301F-11D3-BF4B-00C04F79EFBC}") = "Biblionary.IntegrationTests", "Biblionary.IntegrationTests\Biblionary.IntegrationTests.csproj", "{C56DD43C-6800-44F1-A58F-D8D7F67B3C32}"
EndProject
Global
	GlobalSection(SolutionConfigurationPlatforms) = preSolution
		Debug|Any CPU = Debug|Any CPU
		Release|Any CPU = Release|Any CPU
	EndGlobalSection
	GlobalSection(ProjectConfigurationPlatforms) = postSolution
		{08F88EE4-190F-4943-9EA6-7E97FE93CC0D}.Debug|Any CPU.ActiveCfg = Debug|Any CPU
		{08F88EE4-190F-4943-9EA6-7E97FE93CC0D}.Debug|Any CPU.Build.0 = Debug|Any CPU
		{08F88EE4-190F-4943-9EA6-7E97FE93CC0D}.Release|Any CPU.ActiveCfg = Release|Any CPU
		{08F88EE4-190F-4943-9EA6-7E97FE93CC0D}.Release|Any CPU.Build.0 = Release|Any CPU
		{5EB8610E-CE66-4034-8C68-AB0B1D9A1311}.Debug|Any CPU.ActiveCfg = Debug|Any CPU
		{5EB8610E-CE66-4034-8C68-AB0B1D9A1311}.Debug|Any CPU.Build.0 = Debug|Any CPU
		{5EB8610E-CE66-4034-8C68-AB0B1D9A1311}.Release|Any CPU.ActiveCfg = Release|Any CPU
		{5EB8610E-CE66-4034-8C68-AB0B1D9A1311}.Release|Any CPU.Build.0 = Release|Any CPU
		{98D2EE86-425D-463F-8208-B71F88C53891}.Debug|Any CPU.ActiveCfg = Debug|Any CPU
		{98D2EE86-425D-463F-8208-B71F88C53891}.Debug|Any CPU.Build.0 = Debug|Any CPU
		{98D2EE86-425D-463F-8208-B71F88C53891}.Release|Any CPU.ActiveCfg = Release|Any CPU
		{98D2EE86-425D-463F-8208-B71F88C53891}.Release|Any CPU.Build.0 = Release|Any CPU
		{CE378A0A-B963-4C61-915D-C50A108472BB}.Debug|Any CPU.ActiveCfg = Debug|Any CPU
		{CE378A0A-B963-4C61-915D-C50A108472BB}.Debug|Any CPU.Build.0 = Debug|Any CPU
		{CE378A0A-B963-4C61-915D-C50A108472BB}.Release|Any CPU.ActiveCfg = Release|Any CPU
		{CE378A0A-B963-4C61-915D-C50A108472BB}.Release|Any CPU.Build.0 = Release|Any CPU
		{8B590D3D-DE6B-477A-8193-7ABF9200C72A}.Debug|Any CPU.ActiveCfg = Debug|Any CPU
		{8B590D3D-DE6B-477A-8193-7ABF9200C72A}.Debug|Any CPU.Build.0 = Debug|Any CPU
		{8B590D3D-DE6B-477A-8193-7ABF9200C72A}.Release|Any CPU.ActiveCfg = Release|Any CPU
		{8B590D3D-DE6B-477A-8193-7ABF9200C72A}.Release|Any CPU.Build.0 = Release|Any CPU
		{7780241C-6DDF-4C51-AB92-4B67FEA770D3}.Debug|Any CPU.ActiveCfg = Debug|Any CPU
		{7780241C-6DDF-4C51-AB92-4B67FEA770D3}.Debug|Any CPU.Build.0 = Debug|Any CPU
		{7780241C-6DDF-4C51-AB92-4B67FEA770D3}.Release|Any CPU.ActiveCfg = Release|Any CPU
		{7780241C-6DDF-4C51-AB92-4B67FEA770D3}.Release|Any CPU.Build.0 = Release|Any CPU
		{34F2611B-8185-457F-AA2F-740EC40DF481}.Debug|Any CPU.ActiveCfg = Debug|Any CPU
		{34F2611B-8185-457F-AA2F-740EC40DF481}.Debug|Any CPU.Build.0 = Debug|Any CPU
		{34F2611B-8185-457F-AA2F-740EC40DF481}.Release|Any CPU.ActiveCfg = Release|Any CPU
		{34F2611B-8185-457F-AA2F-740EC40DF481}.Release|Any CPU.Build.0 = Release|Any CPU
		{944B0B83-D7EB-4F48-B325-E14EFFE190A8}.Debug|Any CPU.ActiveCfg = Debug|Any CPU
		{944B0B83-D7EB-4F48-B325-E14EFFE190A8}.Debug|Any CPU.Build.0 = Debug|Any CPU
		{944B0B83-D7EB-4F48-B325-E14EFFE190A8}.Release|Any CPU.ActiveCfg = Release|Any CPU
		{944B0B83-D7EB-4F48-B325-E14EFFE190A8}.Release|Any CPU.Build.0 = Release|Any CPU
		{C56DD43C-6800-44F1-A58F-D8D7F67B3C32}.Debug|Any CPU.ActiveCfg = Debug|Any CPU
		{C56DD43C-6800-44F1-A58F-D8D7F67B3C32}.Debug|Any CPU.Build.0 = Debug|Any CPU
		{C56DD43C-6800-44F1-A58F-D8D7F67B3C32}.Release|Any CPU.ActiveCfg = Release|Any CPU
		{C56DD43C-6800-44F1-A58F-D8D7F67B3C32}.Release|Any CPU.Build.0 = Release|Any CPU
	EndGlobalSection
	GlobalSection(SolutionProperties) = preSolution
		HideSolutionNode = FALSE
	EndGlobalSection
	GlobalSection(NestedProjects) = preSolution
		{08F88EE4-190F-4943-9EA6-7E97FE93CC0D} = {F1FA109B-B1DF-44BB-9CDD-81FEF44D20C4}
		{7780241C-6DDF-4C51-AB92-4B67FEA770D3} = {D60E8C19-8562-40A6-84A1-D9C454C24183}
		{34F2611B-8185-457F-AA2F-740EC40DF481} = {D60E8C19-8562-40A6-84A1-D9C454C24183}
		{944B0B83-D7EB-4F48-B325-E14EFFE190A8} = {D60E8C19-8562-40A6-84A1-D9C454C24183}
		{5EB8610E-CE66-4034-8C68-AB0B1D9A1311} = {C988AADA-B864-47B3-9838-4C1B21FE146A}
		{98D2EE86-425D-463F-8208-B71F88C53891} = {C988AADA-B864-47B3-9838-4C1B21FE146A}
		{CE378A0A-B963-4C61-915D-C50A108472BB} = {94E95949-D6B1-4701-B36D-2A1DA00858B6}
		{8B590D3D-DE6B-477A-8193-7ABF9200C72A} = {94E95949-D6B1-4701-B36D-2A1DA00858B6}
		{C56DD43C-6800-44F1-A58F-D8D7F67B3C32} = {15A9CC60-477C-463D-A22B-10C3B191AFC1}
	EndGlobalSection
EndGlobal
